Microsoft Visual Studio Solution File, Format Version 11.00
# Visual Studio 2008

Project("{F6D25FEA-7F62-2789-DCCB-57BD3DB8256E}") = "2DToolkit-Game", "Assembly-CSharp.csproj", "{CB1A5634-1BB0-4CC9-A0E4-FE203B6F7D87}"
EndProject
Project("{F6D25FEA-7F62-2789-DCCB-57BD3DB8256E}") = "2DToolkit-Game", "Assembly-CSharp-Editor.csproj", "{85B7B98C-B9CD-4A23-4D8B-9666478AA3B2}"
EndProject
Global
	GlobalSection(SolutionConfigurationPlatforms) = preSolution
		Debug|Any CPU = Debug|Any CPU
		Release|Any CPU = Release|Any CPU
	EndGlobalSection
	GlobalSection(ProjectConfigurationPlatforms) = postSolution
		{CB1A5634-1BB0-4CC9-A0E4-FE203B6F7D87}.Debug|Any CPU.ActiveCfg = Debug|Any CPU
		{CB1A5634-1BB0-4CC9-A0E4-FE203B6F7D87}.Debug|Any CPU.Build.0 = Debug|Any CPU
		{CB1A5634-1BB0-4CC9-A0E4-FE203B6F7D87}.Release|Any CPU.ActiveCfg = Release|Any CPU
		{CB1A5634-1BB0-4CC9-A0E4-FE203B6F7D87}.Release|Any CPU.Build.0 = Release|Any CPU
		{85B7B98C-B9CD-4A23-4D8B-9666478AA3B2}.Debug|Any CPU.ActiveCfg = Debug|Any CPU
		{85B7B98C-B9CD-4A23-4D8B-9666478AA3B2}.Debug|Any CPU.Build.0 = Debug|Any CPU
		{85B7B98C-B9CD-4A23-4D8B-9666478AA3B2}.Release|Any CPU.ActiveCfg = Release|Any CPU
		{85B7B98C-B9CD-4A23-4D8B-9666478AA3B2}.Release|Any CPU.Build.0 = Release|Any CPU
	EndGlobalSection
	GlobalSection(SolutionProperties) = preSolution
		HideSolutionNode = FALSE
	EndGlobalSection
	GlobalSection(MonoDevelopProperties) = preSolution
		StartupItem = Assembly-CSharp.csproj
		Policies = $0
		$0.TextStylePolicy = $1
		$1.inheritsSet = null
		$1.scope = text/x-csharp
		$0.CSharpFormattingPolicy = $2
		$2.inheritsSet = Mono
		$2.inheritsScope = text/x-csharp
		$2.scope = text/x-csharp
		$0.TextStylePolicy = $3
		$3.FileWidth = 120
		$3.TabWidth = 4
		$3.EolMarker = Unix
		$3.inheritsSet = Mono
		$3.inheritsScope = text/plain
		$3.scope = text/plain
	EndGlobalSection
EndGlobal
